
Microsoft Visual Studio Solution File, Format Version 11.00
# Visual Studio 2010
Project("{FAE04EC0-301F-11D3-BF4B-00C04F79EFBC}") = "NRS_Search", "NRS_Search\NRS_Search.csproj", "{3FF0336F-6D1E-49AE-B8E9-64D0C8BCD1A6}"
EndProject
Project("{FAE04EC0-301F-11D3-BF4B-00C04F79EFBC}") = "ImageHeaven", "ImageHeaven\ImageHeaven.csproj", "{42BFF2D9-A7BB-41D9-974F-DB1B6AFC087B}"
EndProject
Project("{FAE04EC0-301F-11D3-BF4B-00C04F79EFBC}") = "LItems", "LItems\LItems.csproj", "{BA9E5332-ADC1-43D6-958E-4244DB23F412}"
EndProject
Project("{FAE04EC0-301F-11D3-BF4B-00C04F79EFBC}") = "nControls", "nControls\nControls.csproj", "{0643997C-A50C-469D-806D-6D7F72E80693}"
EndProject
Project("{FAE04EC0-301F-11D3-BF4B-00C04F79EFBC}") = "Utils", "NovaNet\Utils\Utils.csproj", "{23BA0929-405A-470D-BDEA-1000D9EEDC3A}"
EndProject
Project("{FAE04EC0-301F-11D3-BF4B-00C04F79EFBC}") = "wfe", "NovaNet\wfe\wfe.csproj", "{02D137AF-1D68-470E-843D-233E0E9E585F}"
EndProject
Global
	GlobalSection(SolutionConfigurationPlatforms) = preSolution
		Debug|Any CPU = Debug|Any CPU
		Debug|Mixed Platforms = Debug|Mixed Platforms
		Debug|x86 = Debug|x86
		Release|Any CPU = Release|Any CPU
		Release|Mixed Platforms = Release|Mixed Platforms
		Release|x86 = Release|x86
	EndGlobalSection
	GlobalSection(ProjectConfigurationPlatforms) = postSolution
		{3FF0336F-6D1E-49AE-B8E9-64D0C8BCD1A6}.Debug|Any CPU.ActiveCfg = Debug|x86
		{3FF0336F-6D1E-49AE-B8E9-64D0C8BCD1A6}.Debug|Mixed Platforms.ActiveCfg = Debug|x86
		{3FF0336F-6D1E-49AE-B8E9-64D0C8BCD1A6}.Debug|Mixed Platforms.Build.0 = Debug|x86
		{3FF0336F-6D1E-49AE-B8E9-64D0C8BCD1A6}.Debug|x86.ActiveCfg = Debug|x86
		{3FF0336F-6D1E-49AE-B8E9-64D0C8BCD1A6}.Debug|x86.Build.0 = Debug|x86
		{3FF0336F-6D1E-49AE-B8E9-64D0C8BCD1A6}.Release|Any CPU.ActiveCfg = Release|x86
		{3FF0336F-6D1E-49AE-B8E9-64D0C8BCD1A6}.Release|Mixed Platforms.ActiveCfg = Release|x86
		{3FF0336F-6D1E-49AE-B8E9-64D0C8BCD1A6}.Release|Mixed Platforms.Build.0 = Release|x86
		{3FF0336F-6D1E-49AE-B8E9-64D0C8BCD1A6}.Release|x86.ActiveCfg = Release|x86
		{3FF0336F-6D1E-49AE-B8E9-64D0C8BCD1A6}.Release|x86.Build.0 = Release|x86
		{42BFF2D9-A7BB-41D9-974F-DB1B6AFC087B}.Debug|Any CPU.ActiveCfg = Debug|x86
		{42BFF2D9-A7BB-41D9-974F-DB1B6AFC087B}.Debug|Mixed Platforms.ActiveCfg = Debug|x86
		{42BFF2D9-A7BB-41D9-974F-DB1B6AFC087B}.Debug|Mixed Platforms.Build.0 = Debug|x86
		{42BFF2D9-A7BB-41D9-974F-DB1B6AFC087B}.Debug|x86.ActiveCfg = Debug|x86
		{42BFF2D9-A7BB-41D9-974F-DB1B6AFC087B}.Debug|x86.Build.0 = Debug|x86
		{42BFF2D9-A7BB-41D9-974F-DB1B6AFC087B}.Release|Any CPU.ActiveCfg = Release|x86
		{42BFF2D9-A7BB-41D9-974F-DB1B6AFC087B}.Release|Mixed Platforms.ActiveCfg = Release|x86
		{42BFF2D9-A7BB-41D9-974F-DB1B6AFC087B}.Release|Mixed Platforms.Build.0 = Release|x86
		{42BFF2D9-A7BB-41D9-974F-DB1B6AFC087B}.Release|x86.ActiveCfg = Release|x86
		{42BFF2D9-A7BB-41D9-974F-DB1B6AFC087B}.Release|x86.Build.0 = Release|x86
		{BA9E5332-ADC1-43D6-958E-4244DB23F412}.Debug|Any CPU.ActiveCfg = Debug|Any CPU
		{BA9E5332-ADC1-43D6-958E-4244DB23F412}.Debug|Any CPU.Build.0 = Debug|Any CPU
		{BA9E5332-ADC1-43D6-958E-4244DB23F412}.Debug|Mixed Platforms.ActiveCfg = Debug|Any CPU
		{BA9E5332-ADC1-43D6-958E-4244DB23F412}.Debug|Mixed Platforms.Build.0 = Debug|Any CPU
		{BA9E5332-ADC1-43D6-958E-4244DB23F412}.Debug|x86.ActiveCfg = Debug|Any CPU
		{BA9E5332-ADC1-43D6-958E-4244DB23F412}.Release|Any CPU.ActiveCfg = Release|Any CPU
		{BA9E5332-ADC1-43D6-958E-4244DB23F412}.Release|Any CPU.Build.0 = Release|Any CPU
		{BA9E5332-ADC1-43D6-958E-4244DB23F412}.Release|Mixed Platforms.ActiveCfg = Release|Any CPU
		{BA9E5332-ADC1-43D6-958E-4244DB23F412}.Release|Mixed Platforms.Build.0 = Release|Any CPU
		{BA9E5332-ADC1-43D6-958E-4244DB23F412}.Release|x86.ActiveCfg = Release|Any CPU
		{0643997C-A50C-469D-806D-6D7F72E80693}.Debug|Any CPU.ActiveCfg = Debug|Any CPU
		{0643997C-A50C-469D-806D-6D7F72E80693}.Debug|Any CPU.Build.0 = Debug|Any CPU
		{0643997C-A50C-469D-806D-6D7F72E80693}.Debug|Mixed Platforms.ActiveCfg = Debug|Any CPU
		{0643997C-A50C-469D-806D-6D7F72E80693}.Debug|Mixed Platforms.Build.0 = Debug|Any CPU
		{0643997C-A50C-469D-806D-6D7F72E80693}.Debug|x86.ActiveCfg = Debug|Any CPU
		{0643997C-A50C-469D-806D-6D7F72E80693}.Release|Any CPU.ActiveCfg = Release|Any CPU
		{0643997C-A50C-469D-806D-6D7F72E80693}.Release|Any CPU.Build.0 = Release|Any CPU
		{0643997C-A50C-469D-806D-6D7F72E80693}.Release|Mixed Platforms.ActiveCfg = Release|Any CPU
		{0643997C-A50C-469D-806D-6D7F72E80693}.Release|Mixed Platforms.Build.0 = Release|Any CPU
		{0643997C-A50C-469D-806D-6D7F72E80693}.Release|x86.ActiveCfg = Release|Any CPU
		{23BA0929-405A-470D-BDEA-1000D9EEDC3A}.Debug|Any CPU.ActiveCfg = Debug|Any CPU
		{23BA0929-405A-470D-BDEA-1000D9EEDC3A}.Debug|Any CPU.Build.0 = Debug|Any CPU
		{23BA0929-405A-470D-BDEA-1000D9EEDC3A}.Debug|Mixed Platforms.ActiveCfg = Debug|Any CPU
		{23BA0929-405A-470D-BDEA-1000D9EEDC3A}.Debug|Mixed Platforms.Build.0 = Debug|Any CPU
		{23BA0929-405A-470D-BDEA-1000D9EEDC3A}.Debug|x86.ActiveCfg = Debug|Any CPU
		{23BA0929-405A-470D-BDEA-1000D9EEDC3A}.Release|Any CPU.ActiveCfg = Release|Any CPU
		{23BA0929-405A-470D-BDEA-1000D9EEDC3A}.Release|Any CPU.Build.0 = Release|Any CPU
		{23BA0929-405A-470D-BDEA-1000D9EEDC3A}.Release|Mixed Platforms.ActiveCfg = Release|Any CPU
		{23BA0929-405A-470D-BDEA-1000D9EEDC3A}.Release|Mixed Platforms.Build.0 = Release|Any CPU
		{23BA0929-405A-470D-BDEA-1000D9EEDC3A}.Release|x86.ActiveCfg = Release|Any CPU
		{02D137AF-1D68-470E-843D-233E0E9E585F}.Debug|Any CPU.ActiveCfg = Debug|Any CPU
		{02D137AF-1D68-470E-843D-233E0E9E585F}.Debug|Any CPU.Build.0 = Debug|Any CPU
		{02D137AF-1D68-470E-843D-233E0E9E585F}.Debug|Mixed Platforms.ActiveCfg = Debug|Any CPU
		{02D137AF-1D68-470E-843D-233E0E9E585F}.Debug|Mixed Platforms.Build.0 = Debug|Any CPU
		{02D137AF-1D68-470E-843D-233E0E9E585F}.Debug|x86.ActiveCfg = Debug|Any CPU
		{02D137AF-1D68-470E-843D-233E0E9E585F}.Release|Any CPU.ActiveCfg = Release|Any CPU
		{02D137AF-1D68-470E-843D-233E0E9E585F}.Release|Any CPU.Build.0 = Release|Any CPU
		{02D137AF-1D68-470E-843D-233E0E9E585F}.Release|Mixed Platforms.ActiveCfg = Release|Any CPU
		{02D137AF-1D68-470E-843D-233E0E9E585F}.Release|Mixed Platforms.Build.0 = Release|Any CPU
		{02D137AF-1D68-470E-843D-233E0E9E585F}.Release|x86.ActiveCfg = Release|Any CPU
	EndGlobalSection
	GlobalSection(SolutionProperties) = preSolution
		HideSolutionNode = FALSE
	EndGlobalSection
EndGlobal
